
Microsoft Visual Studio Solution File, Format Version 12.00
# Visual Studio 15
VisualStudioVersion = 15.0.28307.645
MinimumVisualStudioVersion = 10.0.40219.1
Project("{FAE04EC0-301F-11D3-BF4B-00C04F79EFBC}") = "Commons_Automation", "Commons_Automation\Commons_Automation.csproj", "{BD392A7C-6D76-428E-8498-4CDB2C7D39B3}"
EndProject
Global
	GlobalSection(SolutionConfigurationPlatforms) = preSolution
		Debug|Any CPU = Debug|Any CPU
	EndGlobalSection
	GlobalSection(ProjectConfigurationPlatforms) = postSolution
		{BD392A7C-6D76-428E-8498-4CDB2C7D39B3}.Debug|Any CPU.ActiveCfg = Debug|Any CPU
		{BD392A7C-6D76-428E-8498-4CDB2C7D39B3}.Debug|Any CPU.Build.0 = Debug|Any CPU
	EndGlobalSection
	GlobalSection(SolutionProperties) = preSolution
		HideSolutionNode = FALSE
	EndGlobalSection
	GlobalSection(ExtensibilityGlobals) = postSolution
		SolutionGuid = {D24D3EFC-2F1A-4EF6-9205-1AC830ED8317}
	EndGlobalSection
	GlobalSection(TeamFoundationVersionControl) = preSolution
		SccNumberOfProjects = 2
		SccEnterpriseProvider = {4CA58AB2-18FA-4F8D-95D4-32DDF27D184C}
		SccTeamFoundationServer = http://ncutfsvs001:8080/tfs/defaultcollection2
		SccProjectUniqueName0 = Commons_Automation\\Commons_Automation.csproj
		SccProjectName0 = Commons_Automation
		SccLocalPath0 = Commons_Automation
		SccLocalPath1 = .
	EndGlobalSection
EndGlobal
